
Microsoft Visual Studio Solution File, Format Version 12.00
# Visual Studio Version 17
VisualStudioVersion = 17.13.35931.197 d17.13
MinimumVisualStudioVersion = 10.0.40219.1
Project("{FAE04EC0-301F-11D3-BF4B-00C04F79EFBC}") = "secret", "secret\secret.csproj", "{5F694B7D-B1EA-4041-9F08-CC66BDC768D2}"
EndProject
Global
	GlobalSection(SolutionConfigurationPlatforms) = preSolution
		Debug|Any CPU = Debug|Any CPU
		Release|Any CPU = Release|Any CPU
	EndGlobalSection
	GlobalSection(ProjectConfigurationPlatforms) = postSolution
		{5F694B7D-B1EA-4041-9F08-CC66BDC768D2}.Debug|Any CPU.ActiveCfg = Debug|Any CPU
		{5F694B7D-B1EA-4041-9F08-CC66BDC768D2}.Debug|Any CPU.Build.0 = Debug|Any CPU
		{5F694B7D-B1EA-4041-9F08-CC66BDC768D2}.Release|Any CPU.ActiveCfg = Release|Any CPU
		{5F694B7D-B1EA-4041-9F08-CC66BDC768D2}.Release|Any CPU.Build.0 = Release|Any CPU
	EndGlobalSection
	GlobalSection(SolutionProperties) = preSolution
		HideSolutionNode = FALSE
	EndGlobalSection
	GlobalSection(ExtensibilityGlobals) = postSolution
		SolutionGuid = {6F5036D8-3587-436E-80C7-CDC99C6D9AA0}
	EndGlobalSection
EndGlobal
